{
    "version": 3,
    "terraform_version": "0.11.14",
    "serial": 5,
    "lineage": "1f831f1e-7a14-6651-2dd7-5f0c3bfc68b3",
    "modules": [
        {
            "path": [
                "root"
            ],
            "outputs": {},
            "resources": {
                "aws_key_pair.main": {
                    "type": "aws_key_pair",
                    "depends_on": [],
                    "primary": {
                        "id": "deployer-key",
                        "attributes": {
                            "fingerprint": "11:6a:45:28:37:02:c2:c7:6a:b3:30:3c:08:bf:86:54",
                            "id": "deployer-key",
                            "key_name": "deployer-key",
                            "public_key": "ssh-rsa AAAAB3NzaC1yc2EAAAABJQAAACEApggnkvLGHyI5/k8auZl4BuIgWFXmVanCUu9hD0wr35c= dummy-key"
                        },
                        "meta": {
                            "schema_version": "1"
                        },
                        "tainted": false
                    },
                    "deposed": [],
                    "provider": "provider.aws"
                },
                "data.aws_availability_zones.available": {
                    "type": "aws_availability_zones",
                    "depends_on": [],
                    "primary": {
                        "id": "2019-06-14 12:33:31.457574 +0000 UTC",
                        "attributes": {
                            "id": "2019-06-14 12:33:31.457574 +0000 UTC",
                            "names.#": "3",
                            "names.0": "eu-west-1a",
                            "names.1": "eu-west-1b",
                            "names.2": "eu-west-1c",
                            "zone_ids.#": "3",
                            "zone_ids.0": "euw1-az1",
                            "zone_ids.1": "euw1-az2",
                            "zone_ids.2": "euw1-az3"
                        },
                        "meta": {},
                        "tainted": false
                    },
                    "deposed": [],
                    "provider": "provider.aws"
                },
                "data.aws_security_group.selected": {
                    "type": "aws_security_group",
                    "depends_on": [
                        "data.aws_vpc.selected"
                    ],
                    "primary": {
                        "id": "sg-88c73bfa",
                        "attributes": {
                            "arn": "arn:aws:ec2:eu-west-1:919777707974:security-group/sg-88c73bfa",
                            "description": "default VPC security group",
                            "id": "sg-88c73bfa",
                            "name": "default",
                            "tags.%": "0",
                            "vpc_id": "vpc-b592a9d3"
                        },
                        "meta": {},
                        "tainted": false
                    },
                    "deposed": [],
                    "provider": "provider.aws"
                },
                "data.aws_subnet.selected": {
                    "type": "aws_subnet",
                    "depends_on": [
                        "data.aws_availability_zones.available",
                        "data.aws_vpc.selected"
                    ],
                    "primary": {
                        "id": "subnet-31a6d257",
                        "attributes": {
                            "arn": "arn:aws:ec2:eu-west-1:919777707974:subnet/subnet-31a6d257",
                            "assign_ipv6_address_on_creation": "false",
                            "availability_zone": "eu-west-1a",
                            "availability_zone_id": "euw1-az1",
                            "cidr_block": "172.31.0.0/20",
                            "default_for_az": "true",
                            "id": "subnet-31a6d257",
                            "map_public_ip_on_launch": "true",
                            "owner_id": "919777707974",
                            "state": "available",
                            "tags.%": "0",
                            "vpc_id": "vpc-b592a9d3"
                        },
                        "meta": {},
                        "tainted": false
                    },
                    "deposed": [],
                    "provider": "provider.aws"
                },
                "data.aws_vpc.selected": {
                    "type": "aws_vpc",
                    "depends_on": [],
                    "primary": {
                        "id": "vpc-b592a9d3",
                        "attributes": {
                            "arn": "arn:aws:ec2:eu-west-1:919777707974:vpc/vpc-b592a9d3",
                            "cidr_block": "172.31.0.0/16",
                            "cidr_block_associations.#": "1",
                            "cidr_block_associations.0.association_id": "vpc-cidr-assoc-5ef2d135",
                            "cidr_block_associations.0.cidr_block": "172.31.0.0/16",
                            "cidr_block_associations.0.state": "associated",
                            "default": "true",
                            "dhcp_options_id": "dopt-031a6f65",
                            "enable_dns_hostnames": "true",
                            "enable_dns_support": "true",
                            "id": "vpc-b592a9d3",
                            "instance_tenancy": "default",
                            "main_route_table_id": "rtb-24230e5d",
                            "owner_id": "919777707974",
                            "state": "available",
                            "tags.%": "0"
                        },
                        "meta": {},
                        "tainted": false
                    },
                    "deposed": [],
                    "provider": "provider.aws"
                }
            },
            "depends_on": []
        },
        {
            "path": [
                "root",
                "ecs_draining"
            ],
            "outputs": {
                "lambda_function_arn": {
                    "sensitive": false,
                    "type": "string",
                    "value": "arn:aws:lambda:eu-west-1:919777707974:function:web-lambda-ecs-drain"
                }
            },
            "resources": {
                "aws_iam_role.lambda_ecs_drain_role": {
                    "type": "aws_iam_role",
                    "depends_on": [],
                    "primary": {
                        "id": "web-lambda-ecs-drain-role",
                        "attributes": {
                            "arn": "arn:aws:iam::919777707974:role/web-lambda-ecs-drain-role",
                            "assume_role_policy": "{\"Version\":\"2012-10-17\",\"Statement\":[{\"Sid\":\"\",\"Effect\":\"Allow\",\"Principal\":{\"Service\":\"lambda.amazonaws.com\"},\"Action\":\"sts:AssumeRole\"}]}",
                            "create_date": "2019-06-14T12:18:36Z",
                            "description": "",
                            "force_detach_policies": "false",
                            "id": "web-lambda-ecs-drain-role",
                            "max_session_duration": "3600",
                            "name": "web-lambda-ecs-drain-role",
                            "path": "/",
                            "tags.%": "0",
                            "unique_id": "AROA5MJYGA7DPKVX43K3R"
                        },
                        "meta": {},
                        "tainted": false
                    },
                    "deposed": [],
                    "provider": "provider.aws"
                },
                "aws_iam_role_policy.lambda_drain_policy": {
                    "type": "aws_iam_role_policy",
                    "depends_on": [
                        "aws_iam_role.lambda_ecs_drain_role"
                    ],
                    "primary": {
                        "id": "web-lambda-ecs-drain-role:web-lambda-drain-policy",
                        "attributes": {
                            "id": "web-lambda-ecs-drain-role:web-lambda-drain-policy",
                            "name": "web-lambda-drain-policy",
                            "policy": "{\n  \"Version\": \"2012-10-17\",\n  \"Statement\": [\n    {\n      \"Effect\": \"Allow\",\n      \"Action\": [\n        \"autoscaling:CompleteLifecycleAction\",\n        \"logs:CreateLogGroup\",\n        \"logs:CreateLogStream\",\n        \"logs:PutLogEvents\",\n        \"ec2:DescribeInstances\",\n        \"ec2:DescribeInstanceAttribute\",\n        \"ec2:DescribeInstanceStatus\",\n        \"ec2:DescribeHosts\",\n        \"ecs:ListContainerInstances\",\n        \"ecs:SubmitContainerStateChange\",\n        \"ecs:SubmitTaskStateChange\",\n        \"ecs:DescribeContainerInstances\",\n        \"ecs:UpdateContainerInstancesState\",\n        \"ecs:ListTasks\",\n        \"ecs:DescribeTasks\",\n        \"sns:Publish\",\n        \"sns:ListSubscriptions\"\n      ],\n      \"Resource\": \"*\"\n    }\n  ]\n}\n",
                            "role": "web-lambda-ecs-drain-role"
                        },
                        "meta": {},
                        "tainted": false
                    },
                    "deposed": [],
                    "provider": "provider.aws"
                },
                "aws_iam_role_policy_attachment.amazon_ec2container_service_role": {
                    "type": "aws_iam_role_policy_attachment",
                    "depends_on": [
                        "aws_iam_role.lambda_ecs_drain_role"
                    ],
                    "primary": {
                        "id": "web-lambda-ecs-drain-role-20190614121837162000000001",
                        "attributes": {
                            "id": "web-lambda-ecs-drain-role-20190614121837162000000001",
                            "policy_arn": "arn:aws:iam::aws:policy/service-role/AmazonEC2ContainerServiceRole",
                            "role": "web-lambda-ecs-drain-role"
                        },
                        "meta": {},
                        "tainted": false
                    },
                    "deposed": [],
                    "provider": "provider.aws"
                },
                "aws_lambda_function.drain_lambda_function": {
                    "type": "aws_lambda_function",
                    "depends_on": [
                        "aws_iam_role.lambda_ecs_drain_role"
                    ],
                    "primary": {
                        "id": "web-lambda-ecs-drain",
                        "attributes": {
                            "arn": "arn:aws:lambda:eu-west-1:919777707974:function:web-lambda-ecs-drain",
                            "dead_letter_config.#": "0",
                            "description": "web-lambda-ecs-drain",
                            "environment.#": "0",
                            "filename": "C:\\terraform\\terraform-aws-airship-ecs-cluster\\examples\\full\\.terraform\\modules\\0a41d9abc712d88709671d8f0d9fdc0c\\blinkist-terraform-aws-airship-ecs-instance-draining-0d15262/lambda.zip",
                            "function_name": "web-lambda-ecs-drain",
                            "handler": "index.lambda_handler",
                            "id": "web-lambda-ecs-drain",
                            "invoke_arn": "arn:aws:apigateway:eu-west-1:lambda:path/2015-03-31/functions/arn:aws:lambda:eu-west-1:919777707974:function:web-lambda-ecs-drain/invocations",
                            "kms_key_arn": "",
                            "last_modified": "2019-06-14T12:19:59.184+0000",
                            "layers.#": "0",
                            "memory_size": "128",
                            "publish": "false",
                            "qualified_arn": "arn:aws:lambda:eu-west-1:919777707974:function:web-lambda-ecs-drain:$LATEST",
                            "reserved_concurrent_executions": "-1",
                            "role": "arn:aws:iam::919777707974:role/web-lambda-ecs-drain-role",
                            "runtime": "python2.7",
                            "source_code_hash": "Nz99wv1p8AaoGLmWyQL4p64YMfXYf97Mp3O/EuXO1uU=",
                            "source_code_size": "8550095",
                            "tags.%": "0",
                            "timeout": "300",
                            "tracing_config.#": "1",
                            "tracing_config.0.mode": "PassThrough",
                            "version": "$LATEST",
                            "vpc_config.#": "0"
                        },
                        "meta": {
                            "e2bfb730-ecaa-11e6-8f88-34363bc7c4c0": {
                                "create": 600000000000
                            }
                        },
                        "tainted": false
                    },
                    "deposed": [],
                    "provider": "provider.aws"
                }
            },
            "depends_on": []
        },
        {
            "path": [
                "root",
                "ecs_web"
            ],
            "outputs": {
                "asg_name": {
                    "sensitive": false,
                    "type": "string",
                    "value": "airship011-web"
                },
                "cluster_id": {
                    "sensitive": false,
                    "type": "string",
                    "value": "arn:aws:ecs:eu-west-1:919777707974:cluster/airship011-web"
                },
                "ecs_cluster_name": {
                    "sensitive": false,
                    "type": "string",
                    "value": "airship011-web"
                },
                "ecs_instance_profile": {
                    "sensitive": false,
                    "type": "string",
                    "value": "arn:aws:iam::919777707974:instance-profile/airship011-web-ecs-cluster-instance-profile"
                },
                "ecs_instance_role": {
                    "sensitive": false,
                    "type": "string",
                    "value": "airship011-web_ecs-cluster-ec2_instance_role"
                }
            },
            "resources": {
                "aws_ecs_cluster.this": {
                    "type": "aws_ecs_cluster",
                    "depends_on": [],
                    "primary": {
                        "id": "arn:aws:ecs:eu-west-1:919777707974:cluster/airship011-web",
                        "attributes": {
                            "arn": "arn:aws:ecs:eu-west-1:919777707974:cluster/airship011-web",
                            "id": "arn:aws:ecs:eu-west-1:919777707974:cluster/airship011-web",
                            "name": "airship011-web",
                            "tags.%": "0"
                        },
                        "meta": {},
                        "tainted": false
                    },
                    "deposed": [],
                    "provider": "provider.aws"
                }
            },
            "depends_on": []
        },
        {
            "path": [
                "root",
                "efs"
            ],
            "outputs": {
                "arn": {
                    "sensitive": false,
                    "type": "string",
                    "value": "arn:aws:elasticfilesystem:eu-west-1:919777707974:file-system/fs-d4dada1c"
                },
                "dns_name": {
                    "sensitive": false,
                    "type": "string",
                    "value": "fs-d4dada1c.efs.eu-west-1.amazonaws.com"
                },
                "host": {
                    "sensitive": false,
                    "type": "string",
                    "value": ""
                },
                "id": {
                    "sensitive": false,
                    "type": "string",
                    "value": "fs-d4dada1c"
                },
                "mount_target_dns_names": {
                    "sensitive": false,
                    "type": "list",
                    "value": [
                        "fs-d4dada1c.efs.eu-west-1.amazonaws.com"
                    ]
                },
                "mount_target_ids": {
                    "sensitive": false,
                    "type": "list",
                    "value": [
                        "fsmt-63d034ab"
                    ]
                },
                "mount_target_ips": {
                    "sensitive": false,
                    "type": "list",
                    "value": [
                        "172.31.4.61"
                    ]
                },
                "network_interface_ids": {
                    "sensitive": false,
                    "type": "list",
                    "value": [
                        "eni-02b4330bbf7f27e62"
                    ]
                }
            },
            "resources": {
                "aws_efs_file_system.default": {
                    "type": "aws_efs_file_system",
                    "depends_on": [
                        "local.enabled",
                        "module.label"
                    ],
                    "primary": {
                        "id": "fs-d4dada1c",
                        "attributes": {
                            "arn": "arn:aws:elasticfilesystem:eu-west-1:919777707974:file-system/fs-d4dada1c",
                            "creation_token": "terraform-20190614123348012100000001",
                            "dns_name": "fs-d4dada1c.efs.eu-west-1.amazonaws.com",
                            "encrypted": "false",
                            "id": "fs-d4dada1c",
                            "kms_key_id": "",
                            "performance_mode": "generalPurpose",
                            "provisioned_throughput_in_mibps": "0",
                            "tags.%": "3",
                            "tags.Name": "eg-prod-app-efs",
                            "tags.Namespace": "eg",
                            "tags.Stage": "prod",
                            "throughput_mode": "bursting"
                        },
                        "meta": {},
                        "tainted": false
                    },
                    "deposed": [],
                    "provider": "provider.aws"
                },
                "aws_efs_mount_target.default": {
                    "type": "aws_efs_mount_target",
                    "depends_on": [
                        "aws_efs_file_system.default.*",
                        "aws_security_group.default.*",
                        "local.enabled"
                    ],
                    "primary": {
                        "id": "fsmt-63d034ab",
                        "attributes": {
                            "dns_name": "fs-d4dada1c.efs.eu-west-1.amazonaws.com",
                            "file_system_arn": "arn:aws:elasticfilesystem:eu-west-1:919777707974:file-system/fs-d4dada1c",
                            "file_system_id": "fs-d4dada1c",
                            "id": "fsmt-63d034ab",
                            "ip_address": "172.31.4.61",
                            "network_interface_id": "eni-02b4330bbf7f27e62",
                            "security_groups.#": "1",
                            "security_groups.2043511092": "sg-0af8b9584f6ac04be",
                            "subnet_id": "subnet-31a6d257"
                        },
                        "meta": {},
                        "tainted": false
                    },
                    "deposed": [],
                    "provider": "provider.aws"
                },
                "aws_security_group.default": {
                    "type": "aws_security_group",
                    "depends_on": [
                        "local.enabled",
                        "module.label"
                    ],
                    "primary": {
                        "id": "sg-0af8b9584f6ac04be",
                        "attributes": {
                            "arn": "arn:aws:ec2:eu-west-1:919777707974:security-group/sg-0af8b9584f6ac04be",
                            "description": "EFS",
                            "egress.#": "1",
                            "egress.482069346.cidr_blocks.#": "1",
                            "egress.482069346.cidr_blocks.0": "0.0.0.0/0",
                            "egress.482069346.description": "",
                            "egress.482069346.from_port": "0",
                            "egress.482069346.ipv6_cidr_blocks.#": "0",
                            "egress.482069346.prefix_list_ids.#": "0",
                            "egress.482069346.protocol": "-1",
                            "egress.482069346.security_groups.#": "0",
                            "egress.482069346.self": "false",
                            "egress.482069346.to_port": "0",
                            "id": "sg-0af8b9584f6ac04be",
                            "ingress.#": "1",
                            "ingress.2272399065.cidr_blocks.#": "0",
                            "ingress.2272399065.description": "",
                            "ingress.2272399065.from_port": "2049",
                            "ingress.2272399065.ipv6_cidr_blocks.#": "0",
                            "ingress.2272399065.prefix_list_ids.#": "0",
                            "ingress.2272399065.protocol": "tcp",
                            "ingress.2272399065.security_groups.#": "1",
                            "ingress.2272399065.security_groups.3168309394": "sg-88c73bfa",
                            "ingress.2272399065.self": "false",
                            "ingress.2272399065.to_port": "2049",
                            "name": "eg-prod-app-efs",
                            "owner_id": "919777707974",
                            "revoke_rules_on_delete": "false",
                            "tags.%": "3",
                            "tags.Name": "eg-prod-app-efs",
                            "tags.Namespace": "eg",
                            "tags.Stage": "prod",
                            "vpc_id": "vpc-b592a9d3"
                        },
                        "meta": {
                            "e2bfb730-ecaa-11e6-8f88-34363bc7c4c0": {
                                "create": 600000000000,
                                "delete": 600000000000
                            },
                            "schema_version": "1"
                        },
                        "tainted": false
                    },
                    "deposed": [],
                    "provider": "provider.aws"
                }
            },
            "depends_on": []
        },
        {
            "path": [
                "root",
                "ecs_web",
                "autoscalinggroup"
            ],
            "outputs": {
                "asg_name": {
                    "sensitive": false,
                    "type": "string",
                    "value": "airship011-web"
                }
            },
            "resources": {
                "aws_autoscaling_group.this": {
                    "type": "aws_autoscaling_group",
                    "depends_on": [
                        "aws_launch_configuration.launch_config",
                        "local.name",
                        "local.tags_asg_format"
                    ],
                    "primary": {
                        "id": "airship011-web",
                        "attributes": {
                            "arn": "arn:aws:autoscaling:eu-west-1:919777707974:autoScalingGroup:b2dbfd78-73a2-4278-8a49-64208d13a281:autoScalingGroupName/airship011-web",
                            "availability_zones.#": "1",
                            "availability_zones.3953592328": "eu-west-1a",
                            "default_cooldown": "300",
                            "desired_capacity": "1",
                            "enabled_metrics.#": "8",
                            "enabled_metrics.119681000": "GroupStandbyInstances",
                            "enabled_metrics.1940933563": "GroupTotalInstances",
                            "enabled_metrics.308948767": "GroupPendingInstances",
                            "enabled_metrics.3267518000": "GroupTerminatingInstances",
                            "enabled_metrics.3394537085": "GroupDesiredCapacity",
                            "enabled_metrics.3551801763": "GroupInServiceInstances",
                            "enabled_metrics.4118539418": "GroupMinSize",
                            "enabled_metrics.4136111317": "GroupMaxSize",
                            "force_delete": "false",
                            "health_check_grace_period": "300",
                            "health_check_type": "EC2",
                            "id": "airship011-web",
                            "launch_configuration": "airship011-web-20190614123354568300000002",
                            "launch_template.#": "0",
                            "load_balancers.#": "0",
                            "max_size": "1",
                            "metrics_granularity": "1Minute",
                            "min_size": "1",
                            "mixed_instances_policy.#": "0",
                            "name": "airship011-web",
                            "placement_group": "",
                            "protect_from_scale_in": "false",
                            "service_linked_role_arn": "arn:aws:iam::919777707974:role/aws-service-role/autoscaling.amazonaws.com/AWSServiceRoleForAutoScaling",
                            "suspended_processes.#": "0",
                            "tags.#": "2",
                            "tags.0.%": "3",
                            "tags.0.key": "Name",
                            "tags.0.propagate_at_launch": "1",
                            "tags.0.value": "airship011-web",
                            "tags.1.%": "3",
                            "tags.1.key": "Environment",
                            "tags.1.propagate_at_launch": "1",
                            "tags.1.value": "airship011",
                            "target_group_arns.#": "0",
                            "termination_policies.#": "0",
                            "vpc_zone_identifier.#": "1",
                            "vpc_zone_identifier.3453327815": "subnet-31a6d257",
                            "wait_for_capacity_timeout": "10m"
                        },
                        "meta": {
                            "e2bfb730-ecaa-11e6-8f88-34363bc7c4c0": {
                                "delete": 600000000000
                            }
                        },
                        "tainted": false
                    },
                    "deposed": [],
                    "provider": "provider.aws"
                },
                "aws_cloudwatch_log_group.ecs": {
                    "type": "aws_cloudwatch_log_group",
                    "depends_on": [],
                    "primary": {
                        "id": "airship011-web/ecs-agent",
                        "attributes": {
                            "arn": "arn:aws:logs:eu-west-1:919777707974:log-group:airship011-web/ecs-agent:*",
                            "id": "airship011-web/ecs-agent",
                            "kms_key_id": "",
                            "name": "airship011-web/ecs-agent",
                            "retention_in_days": "0",
                            "tags.%": "0"
                        },
                        "meta": {},
                        "tainted": false
                    },
                    "deposed": [],
                    "provider": "provider.aws"
                },
                "aws_launch_configuration.launch_config": {
                    "type": "aws_launch_configuration",
                    "depends_on": [],
                    "primary": {
                        "id": "airship011-web-20190614123354568300000002",
                        "attributes": {
                            "associate_public_ip_address": "false",
                            "ebs_block_device.#": "1",
                            "ebs_block_device.1304553831.delete_on_termination": "true",
                            "ebs_block_device.1304553831.device_name": "/dev/xvdcz",
                            "ebs_block_device.1304553831.encrypted": "true",
                            "ebs_block_device.1304553831.iops": "0",
                            "ebs_block_device.1304553831.no_device": "false",
                            "ebs_block_device.1304553831.snapshot_id": "",
                            "ebs_block_device.1304553831.volume_size": "100",
                            "ebs_block_device.1304553831.volume_type": "gp2",
                            "ebs_optimized": "false",
                            "enable_monitoring": "true",
                            "ephemeral_block_device.#": "0",
                            "iam_instance_profile": "arn:aws:iam::919777707974:instance-profile/airship011-web-ecs-cluster-instance-profile",
                            "id": "airship011-web-20190614123354568300000002",
                            "image_id": "ami-08678d6fe34d95154",
                            "instance_type": "t2.small",
                            "key_name": "deployer-key",
                            "name": "airship011-web-20190614123354568300000002",
                            "name_prefix": "airship011-web-",
                            "root_block_device.#": "1",
                            "root_block_device.0.delete_on_termination": "true",
                            "root_block_device.0.iops": "0",
                            "root_block_device.0.volume_size": "15",
                            "root_block_device.0.volume_type": "gp2",
                            "security_groups.#": "1",
                            "security_groups.3168309394": "sg-88c73bfa",
                            "spot_price": "",
                            "user_data": "2ea478938ba619c6b92fad7d000cbe0ce6245621",
                            "vpc_classic_link_id": "",
                            "vpc_classic_link_security_groups.#": "0"
                        },
                        "meta": {},
                        "tainted": false
                    },
                    "deposed": [],
                    "provider": "provider.aws"
                },
                "data.aws_ami.ecs_ami": {
                    "type": "aws_ami",
                    "depends_on": [],
                    "primary": {
                        "id": "ami-08678d6fe34d95154",
                        "attributes": {
                            "architecture": "x86_64",
                            "block_device_mappings.#": "2",
                            "block_device_mappings.2538004115.device_name": "/dev/xvdcz",
                            "block_device_mappings.2538004115.ebs.%": "6",
                            "block_device_mappings.2538004115.ebs.delete_on_termination": "true",
                            "block_device_mappings.2538004115.ebs.encrypted": "false",
                            "block_device_mappings.2538004115.ebs.iops": "0",
                            "block_device_mappings.2538004115.ebs.snapshot_id": "",
                            "block_device_mappings.2538004115.ebs.volume_size": "22",
                            "block_device_mappings.2538004115.ebs.volume_type": "gp2",
                            "block_device_mappings.2538004115.no_device": "",
                            "block_device_mappings.2538004115.virtual_name": "",
                            "block_device_mappings.340275815.device_name": "/dev/xvda",
                            "block_device_mappings.340275815.ebs.%": "6",
                            "block_device_mappings.340275815.ebs.delete_on_termination": "true",
                            "block_device_mappings.340275815.ebs.encrypted": "false",
                            "block_device_mappings.340275815.ebs.iops": "0",
                            "block_device_mappings.340275815.ebs.snapshot_id": "snap-013b8f2f8b2cb3253",
                            "block_device_mappings.340275815.ebs.volume_size": "8",
                            "block_device_mappings.340275815.ebs.volume_type": "gp2",
                            "block_device_mappings.340275815.no_device": "",
                            "block_device_mappings.340275815.virtual_name": "",
                            "creation_date": "2019-06-07T21:38:44.000Z",
                            "description": "Amazon Linux AMI 2018.03.t x86_64 ECS HVM GP2",
                            "filter.#": "2",
                            "filter.3263794121.name": "name",
                            "filter.3263794121.values.#": "1",
                            "filter.3263794121.values.0": "amzn-ami-*-amazon-ecs-optimized*",
                            "filter.574890044.name": "owner-alias",
                            "filter.574890044.values.#": "1",
                            "filter.574890044.values.0": "amazon",
                            "hypervisor": "xen",
                            "id": "ami-08678d6fe34d95154",
                            "image_id": "ami-08678d6fe34d95154",
                            "image_location": "amazon/amzn-ami-2018.03.t-amazon-ecs-optimized",
                            "image_owner_alias": "amazon",
                            "image_type": "machine",
                            "most_recent": "true",
                            "name": "amzn-ami-2018.03.t-amazon-ecs-optimized",
                            "owner_id": "591542846629",
                            "owners.#": "1",
                            "owners.0": "amazon",
                            "product_codes.#": "0",
                            "public": "true",
                            "root_device_name": "/dev/xvda",
                            "root_device_type": "ebs",
                            "root_snapshot_id": "snap-013b8f2f8b2cb3253",
                            "sriov_net_support": "simple",
                            "state": "available",
                            "state_reason.%": "2",
                            "state_reason.code": "UNSET",
                            "state_reason.message": "UNSET",
                            "tags.%": "0",
                            "virtualization_type": "hvm"
                        },
                        "meta": {},
                        "tainted": false
                    },
                    "deposed": [],
                    "provider": "provider.aws"
                },
                "data.aws_region._": {
                    "type": "aws_region",
                    "depends_on": [],
                    "primary": {
                        "id": "eu-west-1",
                        "attributes": {
                            "description": "EU (Ireland)",
                            "endpoint": "ec2.eu-west-1.amazonaws.com",
                            "id": "eu-west-1",
                            "name": "eu-west-1"
                        },
                        "meta": {},
                        "tainted": false
                    },
                    "deposed": [],
                    "provider": "provider.aws"
                },
                "data.template_file.cloud_config_amazon": {
                    "type": "template_file",
                    "depends_on": [
                        "data.aws_region._",
                        "local.name"
                    ],
                    "primary": {
                        "id": "647724b3cd74227adea4c1c911d879b2f440f111b10d3dd6c31cc027e773cb5a",
                        "attributes": {
                            "id": "647724b3cd74227adea4c1c911d879b2f440f111b10d3dd6c31cc027e773cb5a",
                            "rendered": "#!/bin/bash\nset -Eeuxo pipefail\n\necho ECS_CLUSTER=airship011-web \u003e\u003e /etc/ecs/ecs.config\n\nif [ \"1\" == \"1\" ]; then\n echo 'while ! iptables -L DOCKER-USER \u003e /dev/null 2\u003e/dev/null ; do echo \"Waiting for the iptables DOCKER-USER chain to exist\";sleep 1;done' \u003e\u003e /etc/rc.local\n echo iptables --insert DOCKER-USER 1 --in-interface docker+ --destination 169.254.169.254/32 --jump DROP \u003e\u003e /etc/rc.local\nfi\n\n# EFS MOUNTING\nif [ \"1\" == \"1\" ]; then\n  mkdir -p /mnt/efs\n  if ! rpm -qa | grep -qw nfs-utils; then\n    yum -y install nfs-utils\n  fi\n  if ! rpm -qa | grep -qw python27; then\n\t  yum -y install python27\n  fi\n  AZ_ZONE=$(curl -L http://169.254.169.254/latest/meta-data/placement/availability-zone);\n  DIR_SRC=$AZ_ZONE.fs-d4dada1c.efs.eu-west-1.amazonaws.com\n  DIR_TGT=/mnt/efs\n\n  mount -t nfs4 $DIR_SRC:/ $DIR_TGT\n  cp -p /etc/fstab /etc/fstab.back-$(date +%F)\n  #Append line to fstab\n  echo -e \"$DIR_SRC:/ \\t\\t $DIR_TGT \\t\\t nfs \\t\\t defaults \\t\\t 0 \\t\\t 0\" | tee -a /etc/fstab\nfi\n\n\n",
                            "template": "#!/bin/bash\nset -Eeuxo pipefail\n\necho ECS_CLUSTER=${name} \u003e\u003e /etc/ecs/ecs.config\n\nif [ \"${block_metadata_service}\" == \"1\" ]; then\n echo 'while ! iptables -L DOCKER-USER \u003e /dev/null 2\u003e/dev/null ; do echo \"Waiting for the iptables DOCKER-USER chain to exist\";sleep 1;done' \u003e\u003e /etc/rc.local\n echo iptables --insert DOCKER-USER 1 --in-interface docker+ --destination 169.254.169.254/32 --jump DROP \u003e\u003e /etc/rc.local\nfi\n\n# EFS MOUNTING\nif [ \"${efs_enabled}\" == \"1\" ]; then\n  mkdir -p ${efs_mount_folder}\n  if ! rpm -qa | grep -qw nfs-utils; then\n    yum -y install nfs-utils\n  fi\n  if ! rpm -qa | grep -qw python27; then\n\t  yum -y install python27\n  fi\n  AZ_ZONE=$(curl -L http://169.254.169.254/latest/meta-data/placement/availability-zone);\n  DIR_SRC=$AZ_ZONE.${efs_id}.efs.${region}.amazonaws.com\n  DIR_TGT=${efs_mount_folder}\n\n  mount -t nfs4 $DIR_SRC:/ $DIR_TGT\n  cp -p /etc/fstab /etc/fstab.back-$(date +%F)\n  #Append line to fstab\n  echo -e \"$DIR_SRC:/ \\t\\t $DIR_TGT \\t\\t nfs \\t\\t defaults \\t\\t 0 \\t\\t 0\" | tee -a /etc/fstab\nfi\n\n${custom_userdata}\n",
                            "vars.%": "7",
                            "vars.block_metadata_service": "1",
                            "vars.custom_userdata": "",
                            "vars.efs_enabled": "1",
                            "vars.efs_id": "fs-d4dada1c",
                            "vars.efs_mount_folder": "/mnt/efs",
                            "vars.name": "airship011-web",
                            "vars.region": "eu-west-1"
                        },
                        "meta": {},
                        "tainted": false
                    },
                    "deposed": [],
                    "provider": "provider.template"
                },
                "null_resource.tags_as_list_of_maps": {
                    "type": "null_resource",
                    "depends_on": [],
                    "primary": {
                        "id": "1111453491571311651",
                        "attributes": {
                            "id": "1111453491571311651",
                            "triggers.%": "3",
                            "triggers.key": "Environment",
                            "triggers.propagate_at_launch": "true",
                            "triggers.value": "airship011"
                        },
                        "meta": {},
                        "tainted": false
                    },
                    "deposed": [],
                    "provider": "provider.null"
                }
            },
            "depends_on": []
        },
        {
            "path": [
                "root",
                "ecs_web",
                "ecs_instance_scaling"
            ],
            "outputs": {},
            "resources": {
                "aws_autoscaling_lifecycle_hook.scale_hook": {
                    "type": "aws_autoscaling_lifecycle_hook",
                    "depends_on": [
                        "aws_iam_role.asg_publish_to_sns",
                        "aws_sns_topic.asg_lifecycle"
                    ],
                    "primary": {
                        "id": "airship011-web-scale-hook",
                        "attributes": {
                            "autoscaling_group_name": "airship011-web",
                            "default_result": "ABANDON",
                            "heartbeat_timeout": "900",
                            "id": "airship011-web-scale-hook",
                            "lifecycle_transition": "autoscaling:EC2_INSTANCE_TERMINATING",
                            "name": "airship011-web-scale-hook",
                            "notification_metadata": "",
                            "notification_target_arn": "arn:aws:sns:eu-west-1:919777707974:airship011-web-asg-lifecycle",
                            "role_arn": "arn:aws:iam::919777707974:role/airship011-web-asg-publish-to-sns"
                        },
                        "meta": {},
                        "tainted": false
                    },
                    "deposed": [],
                    "provider": "provider.aws"
                },
                "aws_autoscaling_notification.scale_notifications": {
                    "type": "aws_autoscaling_notification",
                    "depends_on": [
                        "aws_sns_topic.asg_lifecycle"
                    ],
                    "primary": {
                        "id": "arn:aws:sns:eu-west-1:919777707974:airship011-web-asg-lifecycle",
                        "attributes": {
                            "group_names.#": "1",
                            "group_names.1003124880": "airship011-web",
                            "id": "arn:aws:sns:eu-west-1:919777707974:airship011-web-asg-lifecycle",
                            "notifications.#": "3",
                            "notifications.3116970575": "autoscaling:EC2_INSTANCE_TERMINATE",
                            "notifications.4098158487": "autoscaling:EC2_INSTANCE_LAUNCH",
                            "notifications.753791182": "autoscaling:EC2_INSTANCE_LAUNCH_ERROR",
                            "topic_arn": "arn:aws:sns:eu-west-1:919777707974:airship011-web-asg-lifecycle"
                        },
                        "meta": {},
                        "tainted": false
                    },
                    "deposed": [],
                    "provider": "provider.aws"
                },
                "aws_autoscaling_policy.policy.0": {
                    "type": "aws_autoscaling_policy",
                    "depends_on": [],
                    "primary": {
                        "id": "airship011-web-MemoryReservation-scale_out",
                        "attributes": {
                            "adjustment_type": "ChangeInCapacity",
                            "arn": "arn:aws:autoscaling:eu-west-1:919777707974:scalingPolicy:06c51f25-7827-4697-bf25-255adbecaad3:autoScalingGroupName/airship011-web:policyName/airship011-web-MemoryReservation-scale_out",
                            "autoscaling_group_name": "airship011-web",
                            "cooldown": "900",
                            "estimated_instance_warmup": "0",
                            "id": "airship011-web-MemoryReservation-scale_out",
                            "metric_aggregation_type": "",
                            "name": "airship011-web-MemoryReservation-scale_out",
                            "policy_type": "SimpleScaling",
                            "scaling_adjustment": "1",
                            "step_adjustment.#": "0",
                            "target_tracking_configuration.#": "0"
                        },
                        "meta": {},
                        "tainted": false
                    },
                    "deposed": [],
                    "provider": "provider.aws"
                },
                "aws_autoscaling_policy.policy.1": {
                    "type": "aws_autoscaling_policy",
                    "depends_on": [],
                    "primary": {
                        "id": "airship011-web-MemoryReservation-scale_in",
                        "attributes": {
                            "adjustment_type": "ChangeInCapacity",
                            "arn": "arn:aws:autoscaling:eu-west-1:919777707974:scalingPolicy:c4b7de27-a0c4-4370-bc38-00f651cbe49c:autoScalingGroupName/airship011-web:policyName/airship011-web-MemoryReservation-scale_in",
                            "autoscaling_group_name": "airship011-web",
                            "cooldown": "300",
                            "estimated_instance_warmup": "0",
                            "id": "airship011-web-MemoryReservation-scale_in",
                            "metric_aggregation_type": "",
                            "name": "airship011-web-MemoryReservation-scale_in",
                            "policy_type": "SimpleScaling",
                            "scaling_adjustment": "-1",
                            "step_adjustment.#": "0",
                            "target_tracking_configuration.#": "0"
                        },
                        "meta": {},
                        "tainted": false
                    },
                    "deposed": [],
                    "provider": "provider.aws"
                },
                "aws_cloudwatch_metric_alarm.alarm.0": {
                    "type": "aws_cloudwatch_metric_alarm",
                    "depends_on": [
                        "aws_autoscaling_policy.policy.*"
                    ],
                    "primary": {
                        "id": "airship011-web-MemoryReservation-scale_out",
                        "attributes": {
                            "actions_enabled": "true",
                            "alarm_actions.#": "1",
                            "alarm_actions.3959023147": "arn:aws:autoscaling:eu-west-1:919777707974:scalingPolicy:06c51f25-7827-4697-bf25-255adbecaad3:autoScalingGroupName/airship011-web:policyName/airship011-web-MemoryReservation-scale_out",
                            "alarm_description": "",
                            "alarm_name": "airship011-web-MemoryReservation-scale_out",
                            "arn": "arn:aws:cloudwatch:eu-west-1:919777707974:alarm:airship011-web-MemoryReservation-scale_out",
                            "comparison_operator": "GreaterThanOrEqualToThreshold",
                            "datapoints_to_alarm": "0",
                            "dimensions.%": "1",
                            "dimensions.ClusterName": "airship011-web",
                            "evaluate_low_sample_count_percentiles": "",
                            "evaluation_periods": "2",
                            "extended_statistic": "",
                            "id": "airship011-web-MemoryReservation-scale_out",
                            "insufficient_data_actions.#": "0",
                            "metric_name": "MemoryReservation",
                            "namespace": "AWS/ECS",
                            "ok_actions.#": "0",
                            "period": "300",
                            "statistic": "Average",
                            "tags.%": "0",
                            "threshold": "50",
                            "treat_missing_data": "missing",
                            "unit": ""
                        },
                        "meta": {
                            "schema_version": "1"
                        },
                        "tainted": false
                    },
                    "deposed": [],
                    "provider": "provider.aws"
                },
                "aws_cloudwatch_metric_alarm.alarm.1": {
                    "type": "aws_cloudwatch_metric_alarm",
                    "depends_on": [
                        "aws_autoscaling_policy.policy.*"
                    ],
                    "primary": {
                        "id": "airship011-web-MemoryReservation-scale_in",
                        "attributes": {
                            "actions_enabled": "true",
                            "alarm_actions.#": "1",
                            "alarm_actions.1122964511": "arn:aws:autoscaling:eu-west-1:919777707974:scalingPolicy:c4b7de27-a0c4-4370-bc38-00f651cbe49c:autoScalingGroupName/airship011-web:policyName/airship011-web-MemoryReservation-scale_in",
                            "alarm_description": "",
                            "alarm_name": "airship011-web-MemoryReservation-scale_in",
                            "arn": "arn:aws:cloudwatch:eu-west-1:919777707974:alarm:airship011-web-MemoryReservation-scale_in",
                            "comparison_operator": "LessThanThreshold",
                            "datapoints_to_alarm": "0",
                            "dimensions.%": "1",
                            "dimensions.ClusterName": "airship011-web",
                            "evaluate_low_sample_count_percentiles": "",
                            "evaluation_periods": "4",
                            "extended_statistic": "",
                            "id": "airship011-web-MemoryReservation-scale_in",
                            "insufficient_data_actions.#": "0",
                            "metric_name": "MemoryReservation",
                            "namespace": "AWS/ECS",
                            "ok_actions.#": "0",
                            "period": "300",
                            "statistic": "Average",
                            "tags.%": "0",
                            "threshold": "10",
                            "treat_missing_data": "missing",
                            "unit": ""
                        },
                        "meta": {
                            "schema_version": "1"
                        },
                        "tainted": false
                    },
                    "deposed": [],
                    "provider": "provider.aws"
                },
                "aws_iam_role.asg_publish_to_sns": {
                    "type": "aws_iam_role",
                    "depends_on": [],
                    "primary": {
                        "id": "airship011-web-asg-publish-to-sns",
                        "attributes": {
                            "arn": "arn:aws:iam::919777707974:role/airship011-web-asg-publish-to-sns",
                            "assume_role_policy": "{\"Version\":\"2012-10-17\",\"Statement\":[{\"Sid\":\"\",\"Effect\":\"Allow\",\"Principal\":{\"Service\":\"autoscaling.amazonaws.com\"},\"Action\":\"sts:AssumeRole\"}]}",
                            "create_date": "2019-06-14T12:19:58Z",
                            "description": "",
                            "force_detach_policies": "false",
                            "id": "airship011-web-asg-publish-to-sns",
                            "max_session_duration": "3600",
                            "name": "airship011-web-asg-publish-to-sns",
                            "path": "/",
                            "tags.%": "0",
                            "unique_id": "AROA5MJYGA7DILNUCAIST"
                        },
                        "meta": {},
                        "tainted": false
                    },
                    "deposed": [],
                    "provider": "provider.aws"
                },
                "aws_iam_role_policy.asg_publish_to_sns": {
                    "type": "aws_iam_role_policy",
                    "depends_on": [
                        "aws_iam_role.asg_publish_to_sns",
                        "data.template_file.asg_publish_to_sns"
                    ],
                    "primary": {
                        "id": "airship011-web-asg-publish-to-sns:airship011-web-asg-publish-to-sns",
                        "attributes": {
                            "id": "airship011-web-asg-publish-to-sns:airship011-web-asg-publish-to-sns",
                            "name": "airship011-web-asg-publish-to-sns",
                            "policy": "{\n  \"Version\": \"2012-10-17\",\n  \"Statement\": [\n    {\n      \"Effect\": \"Allow\",\n      \"Resource\": \"arn:aws:sns:eu-west-1:919777707974:airship011-web-asg-lifecycle\",\n      \"Action\": [\n        \"sns:Publish\"\n      ]\n    }\n  ]\n}\n",
                            "role": "airship011-web-asg-publish-to-sns"
                        },
                        "meta": {},
                        "tainted": false
                    },
                    "deposed": [],
                    "provider": "provider.aws"
                },
                "aws_lambda_permission.drain_lambda": {
                    "type": "aws_lambda_permission",
                    "depends_on": [
                        "aws_sns_topic.asg_lifecycle"
                    ],
                    "primary": {
                        "id": "AllowExecutionFromSNS-airship011-web",
                        "attributes": {
                            "action": "lambda:InvokeFunction",
                            "function_name": "arn:aws:lambda:eu-west-1:919777707974:function:web-lambda-ecs-drain",
                            "id": "AllowExecutionFromSNS-airship011-web",
                            "principal": "sns.amazonaws.com",
                            "qualifier": "",
                            "source_arn": "arn:aws:sns:eu-west-1:919777707974:airship011-web-asg-lifecycle",
                            "statement_id": "AllowExecutionFromSNS-airship011-web"
                        },
                        "meta": {},
                        "tainted": false
                    },
                    "deposed": [],
                    "provider": "provider.aws"
                },
                "aws_sns_topic.asg_lifecycle": {
                    "type": "aws_sns_topic",
                    "depends_on": [],
                    "primary": {
                        "id": "arn:aws:sns:eu-west-1:919777707974:airship011-web-asg-lifecycle",
                        "attributes": {
                            "application_failure_feedback_role_arn": "",
                            "application_success_feedback_role_arn": "",
                            "application_success_feedback_sample_rate": "0",
                            "arn": "arn:aws:sns:eu-west-1:919777707974:airship011-web-asg-lifecycle",
                            "delivery_policy": "",
                            "display_name": "",
                            "http_failure_feedback_role_arn": "",
                            "http_success_feedback_role_arn": "",
                            "http_success_feedback_sample_rate": "0",
                            "id": "arn:aws:sns:eu-west-1:919777707974:airship011-web-asg-lifecycle",
                            "kms_master_key_id": "",
                            "lambda_failure_feedback_role_arn": "",
                            "lambda_success_feedback_role_arn": "",
                            "lambda_success_feedback_sample_rate": "0",
                            "name": "airship011-web-asg-lifecycle",
                            "policy": "{\"Version\":\"2008-10-17\",\"Id\":\"__default_policy_ID\",\"Statement\":[{\"Sid\":\"__default_statement_ID\",\"Effect\":\"Allow\",\"Principal\":{\"AWS\":\"*\"},\"Action\":[\"SNS:GetTopicAttributes\",\"SNS:SetTopicAttributes\",\"SNS:AddPermission\",\"SNS:RemovePermission\",\"SNS:DeleteTopic\",\"SNS:Subscribe\",\"SNS:ListSubscriptionsByTopic\",\"SNS:Publish\",\"SNS:Receive\"],\"Resource\":\"arn:aws:sns:eu-west-1:919777707974:airship011-web-asg-lifecycle\",\"Condition\":{\"StringEquals\":{\"AWS:SourceOwner\":\"919777707974\"}}}]}",
                            "sqs_failure_feedback_role_arn": "",
                            "sqs_success_feedback_role_arn": "",
                            "sqs_success_feedback_sample_rate": "0",
                            "tags.%": "0"
                        },
                        "meta": {},
                        "tainted": false
                    },
                    "deposed": [],
                    "provider": "provider.aws"
                },
                "aws_sns_topic_subscription.lambda": {
                    "type": "aws_sns_topic_subscription",
                    "depends_on": [
                        "aws_sns_topic.asg_lifecycle"
                    ],
                    "primary": {
                        "id": "arn:aws:sns:eu-west-1:919777707974:airship011-web-asg-lifecycle:a54fec2c-a33f-4890-b051-4dc8527b4825",
                        "attributes": {
                            "arn": "arn:aws:sns:eu-west-1:919777707974:airship011-web-asg-lifecycle:a54fec2c-a33f-4890-b051-4dc8527b4825",
                            "confirmation_timeout_in_minutes": "1",
                            "delivery_policy": "",
                            "endpoint": "arn:aws:lambda:eu-west-1:919777707974:function:web-lambda-ecs-drain",
                            "endpoint_auto_confirms": "false",
                            "filter_policy": "",
                            "id": "arn:aws:sns:eu-west-1:919777707974:airship011-web-asg-lifecycle:a54fec2c-a33f-4890-b051-4dc8527b4825",
                            "protocol": "lambda",
                            "raw_message_delivery": "false",
                            "topic_arn": "arn:aws:sns:eu-west-1:919777707974:airship011-web-asg-lifecycle"
                        },
                        "meta": {},
                        "tainted": false
                    },
                    "deposed": [],
                    "provider": "provider.aws"
                },
                "data.template_file.asg_publish_to_sns": {
                    "type": "template_file",
                    "depends_on": [
                        "aws_sns_topic.asg_lifecycle"
                    ],
                    "primary": {
                        "id": "aeba935ef247364f68afdeebebea3381fbb23c12b9b8122b08ce7baa64ffa78e",
                        "attributes": {
                            "id": "aeba935ef247364f68afdeebebea3381fbb23c12b9b8122b08ce7baa64ffa78e",
                            "rendered": "{\n  \"Version\": \"2012-10-17\",\n  \"Statement\": [\n    {\n      \"Effect\": \"Allow\",\n      \"Resource\": \"arn:aws:sns:eu-west-1:919777707974:airship011-web-asg-lifecycle\",\n      \"Action\": [\n        \"sns:Publish\"\n      ]\n    }\n  ]\n}\n",
                            "template": "{\n  \"Version\": \"2012-10-17\",\n  \"Statement\": [\n    {\n      \"Effect\": \"Allow\",\n      \"Resource\": \"${topic_arn}\",\n      \"Action\": [\n        \"sns:Publish\"\n      ]\n    }\n  ]\n}\n",
                            "vars.%": "1",
                            "vars.topic_arn": "arn:aws:sns:eu-west-1:919777707974:airship011-web-asg-lifecycle"
                        },
                        "meta": {},
                        "tainted": false
                    },
                    "deposed": [],
                    "provider": "provider.template"
                }
            },
            "depends_on": []
        },
        {
            "path": [
                "root",
                "ecs_web",
                "iam"
            ],
            "outputs": {
                "ecs_instance_profile": {
                    "sensitive": false,
                    "type": "string",
                    "value": "arn:aws:iam::919777707974:instance-profile/airship011-web-ecs-cluster-instance-profile"
                },
                "ecs_instance_role": {
                    "sensitive": false,
                    "type": "string",
                    "value": "airship011-web_ecs-cluster-ec2_instance_role"
                }
            },
            "resources": {
                "aws_iam_instance_profile.ecs_cluster_ec2_instance_profile": {
                    "type": "aws_iam_instance_profile",
                    "depends_on": [
                        "aws_iam_role.ecs_cluster_ec2_instance_role"
                    ],
                    "primary": {
                        "id": "airship011-web-ecs-cluster-instance-profile",
                        "attributes": {
                            "arn": "arn:aws:iam::919777707974:instance-profile/airship011-web-ecs-cluster-instance-profile",
                            "create_date": "2019-06-14T12:18:37Z",
                            "id": "airship011-web-ecs-cluster-instance-profile",
                            "name": "airship011-web-ecs-cluster-instance-profile",
                            "path": "/",
                            "role": "airship011-web_ecs-cluster-ec2_instance_role",
                            "roles.#": "1",
                            "roles.1407532138": "airship011-web_ecs-cluster-ec2_instance_role",
                            "unique_id": "AIPA5MJYGA7DOZ5FXTSXW"
                        },
                        "meta": {},
                        "tainted": false
                    },
                    "deposed": [],
                    "provider": "provider.aws"
                },
                "aws_iam_role.ecs_cluster_ec2_instance_role": {
                    "type": "aws_iam_role",
                    "depends_on": [
                        "data.aws_iam_policy_document.ec2_instance"
                    ],
                    "primary": {
                        "id": "airship011-web_ecs-cluster-ec2_instance_role",
                        "attributes": {
                            "arn": "arn:aws:iam::919777707974:role/airship011-web_ecs-cluster-ec2_instance_role",
                            "assume_role_policy": "{\"Version\":\"2012-10-17\",\"Statement\":[{\"Sid\":\"\",\"Effect\":\"Allow\",\"Principal\":{\"Service\":\"ec2.amazonaws.com\"},\"Action\":\"sts:AssumeRole\"}]}",
                            "create_date": "2019-06-14T12:18:36Z",
                            "description": "",
                            "force_detach_policies": "false",
                            "id": "airship011-web_ecs-cluster-ec2_instance_role",
                            "max_session_duration": "3600",
                            "name": "airship011-web_ecs-cluster-ec2_instance_role",
                            "path": "/",
                            "tags.%": "0",
                            "unique_id": "AROA5MJYGA7DONNFT2MML"
                        },
                        "meta": {},
                        "tainted": false
                    },
                    "deposed": [],
                    "provider": "provider.aws"
                },
                "aws_iam_role.ecs_service": {
                    "type": "aws_iam_role",
                    "depends_on": [
                        "data.aws_iam_policy_document.ecs_service"
                    ],
                    "primary": {
                        "id": "airship011-web-ecs-role",
                        "attributes": {
                            "arn": "arn:aws:iam::919777707974:role/airship011-web-ecs-role",
                            "assume_role_policy": "{\"Version\":\"2012-10-17\",\"Statement\":[{\"Sid\":\"\",\"Effect\":\"Allow\",\"Principal\":{\"Service\":\"ecs.amazonaws.com\"},\"Action\":\"sts:AssumeRole\"}]}",
                            "create_date": "2019-06-14T12:18:36Z",
                            "description": "",
                            "force_detach_policies": "false",
                            "id": "airship011-web-ecs-role",
                            "max_session_duration": "3600",
                            "name": "airship011-web-ecs-role",
                            "path": "/",
                            "tags.%": "0",
                            "unique_id": "AROA5MJYGA7DO3SLHNOKZ"
                        },
                        "meta": {},
                        "tainted": false
                    },
                    "deposed": [],
                    "provider": "provider.aws"
                },
                "aws_iam_role_policy.ecs_cluster_ec2_instance_permissions": {
                    "type": "aws_iam_role_policy",
                    "depends_on": [
                        "aws_iam_role.ecs_cluster_ec2_instance_role"
                    ],
                    "primary": {
                        "id": "airship011-web_ecs-cluster-ec2_instance_role:airship011-web-ecs-instance-permissions",
                        "attributes": {
                            "id": "airship011-web_ecs-cluster-ec2_instance_role:airship011-web-ecs-instance-permissions",
                            "name": "airship011-web-ecs-instance-permissions",
                            "policy": "{\n  \"Version\": \"2012-10-17\",\n  \"Statement\": [\n    {\n      \"Effect\": \"Allow\",\n      \"Action\": [\n        \"ecs:CreateCluster\",\n        \"ecs:DeregisterContainerInstance\",\n        \"ecs:DiscoverPollEndpoint\",\n        \"ecs:Poll\",\n        \"ecs:StartTask\",\n        \"ecs:RegisterContainerInstance\",\n        \"ecs:StartTelemetrySession\",\n        \"ecs:Submit*\",\n        \"ecr:BatchCheckLayerAvailability\",\n        \"ecr:BatchGetImage\",\n        \"ecr:GetDownloadUrlForLayer\",\n        \"ecr:GetAuthorizationToken\",\n        \"cloudwatch:DescribeAlarms\",\n        \"cloudwatch:PutMetricAlarm\",\n        \"cloudwatch:PutMetricData\",\n        \"cloudwatch:GetMetricStatistics\",\n        \"cloudwatch:ListMetrics\",\n        \"ec2:Describe*\",\n        \"logs:CreateLogGroup\",\n        \"logs:CreateLogStream\",\n        \"logs:DescribeLogGroups\",\n        \"logs:DescribeLogStreams\",\n        \"logs:PutLogEvents\"\n      ],\n      \"Resource\": \"*\"\n    }\n  ]\n}\n",
                            "role": "airship011-web_ecs-cluster-ec2_instance_role"
                        },
                        "meta": {},
                        "tainted": false
                    },
                    "deposed": [],
                    "provider": "provider.aws"
                },
                "aws_iam_role_policy_attachment.ecs_service_role_attach": {
                    "type": "aws_iam_role_policy_attachment",
                    "depends_on": [
                        "aws_iam_role.ecs_service"
                    ],
                    "primary": {
                        "id": "airship011-web-ecs-role-20190614121837163000000002",
                        "attributes": {
                            "id": "airship011-web-ecs-role-20190614121837163000000002",
                            "policy_arn": "arn:aws:iam::aws:policy/service-role/AmazonEC2ContainerServiceRole",
                            "role": "airship011-web-ecs-role"
                        },
                        "meta": {},
                        "tainted": false
                    },
                    "deposed": [],
                    "provider": "provider.aws"
                },
                "data.aws_iam_policy_document.ec2_instance": {
                    "type": "aws_iam_policy_document",
                    "depends_on": [],
                    "primary": {
                        "id": "1903849331",
                        "attributes": {
                            "id": "1903849331",
                            "json": "{\n  \"Version\": \"2012-10-17\",\n  \"Statement\": [\n    {\n      \"Sid\": \"\",\n      \"Effect\": \"Allow\",\n      \"Action\": \"sts:AssumeRole\",\n      \"Principal\": {\n        \"Service\": \"ec2.amazonaws.com\"\n      }\n    }\n  ]\n}",
                            "statement.#": "1",
                            "statement.0.actions.#": "1",
                            "statement.0.actions.2528466339": "sts:AssumeRole",
                            "statement.0.condition.#": "0",
                            "statement.0.effect": "Allow",
                            "statement.0.not_actions.#": "0",
                            "statement.0.not_principals.#": "0",
                            "statement.0.not_resources.#": "0",
                            "statement.0.principals.#": "1",
                            "statement.0.principals.1134724139.identifiers.#": "1",
                            "statement.0.principals.1134724139.identifiers.3655884555": "ec2.amazonaws.com",
                            "statement.0.principals.1134724139.type": "Service",
                            "statement.0.resources.#": "0",
                            "statement.0.sid": "",
                            "version": "2012-10-17"
                        },
                        "meta": {},
                        "tainted": false
                    },
                    "deposed": [],
                    "provider": "provider.aws"
                },
                "data.aws_iam_policy_document.ecs_service": {
                    "type": "aws_iam_policy_document",
                    "depends_on": [],
                    "primary": {
                        "id": "3622649364",
                        "attributes": {
                            "id": "3622649364",
                            "json": "{\n  \"Version\": \"2012-10-17\",\n  \"Statement\": [\n    {\n      \"Sid\": \"\",\n      \"Effect\": \"Allow\",\n      \"Action\": \"sts:AssumeRole\",\n      \"Principal\": {\n        \"Service\": \"ecs.amazonaws.com\"\n      }\n    }\n  ]\n}",
                            "statement.#": "1",
                            "statement.0.actions.#": "1",
                            "statement.0.actions.2528466339": "sts:AssumeRole",
                            "statement.0.condition.#": "0",
                            "statement.0.effect": "Allow",
                            "statement.0.not_actions.#": "0",
                            "statement.0.not_principals.#": "0",
                            "statement.0.not_resources.#": "0",
                            "statement.0.principals.#": "1",
                            "statement.0.principals.1113412664.identifiers.#": "1",
                            "statement.0.principals.1113412664.identifiers.1509832800": "ecs.amazonaws.com",
                            "statement.0.principals.1113412664.type": "Service",
                            "statement.0.resources.#": "0",
                            "statement.0.sid": "",
                            "version": "2012-10-17"
                        },
                        "meta": {},
                        "tainted": false
                    },
                    "deposed": [],
                    "provider": "provider.aws"
                }
            },
            "depends_on": []
        },
        {
            "path": [
                "root",
                "efs",
                "dns"
            ],
            "outputs": {
                "hostname": {
                    "sensitive": false,
                    "type": "string",
                    "value": ""
                }
            },
            "resources": {},
            "depends_on": []
        },
        {
            "path": [
                "root",
                "efs",
                "label"
            ],
            "outputs": {
                "attributes": {
                    "sensitive": false,
                    "type": "string",
                    "value": "efs"
                },
                "id": {
                    "sensitive": false,
                    "type": "string",
                    "value": "eg-prod-app-efs"
                },
                "name": {
                    "sensitive": false,
                    "type": "string",
                    "value": "app"
                },
                "namespace": {
                    "sensitive": false,
                    "type": "string",
                    "value": "eg"
                },
                "stage": {
                    "sensitive": false,
                    "type": "string",
                    "value": "prod"
                },
                "tags": {
                    "sensitive": false,
                    "type": "map",
                    "value": {
                        "Name": "eg-prod-app-efs",
                        "Namespace": "eg",
                        "Stage": "prod"
                    }
                },
                "tags_as_list_of_maps": {
                    "sensitive": false,
                    "type": "list",
                    "value": [
                        {
                            "key": "Name",
                            "value": "eg-prod-app-efs"
                        },
                        {
                            "key": "Namespace",
                            "value": "eg"
                        },
                        {
                            "key": "Stage",
                            "value": "prod"
                        }
                    ]
                }
            },
            "resources": {
                "null_resource.tags_as_list_of_maps.0": {
                    "type": "null_resource",
                    "depends_on": [
                        "local.tags"
                    ],
                    "primary": {
                        "id": "661699272278559366",
                        "attributes": {
                            "id": "661699272278559366",
                            "triggers.%": "2",
                            "triggers.key": "Name",
                            "triggers.value": "eg-prod-app-efs"
                        },
                        "meta": {},
                        "tainted": false
                    },
                    "deposed": [],
                    "provider": "provider.null"
                },
                "null_resource.tags_as_list_of_maps.1": {
                    "type": "null_resource",
                    "depends_on": [
                        "local.tags"
                    ],
                    "primary": {
                        "id": "6446467738728037481",
                        "attributes": {
                            "id": "6446467738728037481",
                            "triggers.%": "2",
                            "triggers.key": "Namespace",
                            "triggers.value": "eg"
                        },
                        "meta": {},
                        "tainted": false
                    },
                    "deposed": [],
                    "provider": "provider.null"
                },
                "null_resource.tags_as_list_of_maps.2": {
                    "type": "null_resource",
                    "depends_on": [
                        "local.tags"
                    ],
                    "primary": {
                        "id": "684437891231705938",
                        "attributes": {
                            "id": "684437891231705938",
                            "triggers.%": "2",
                            "triggers.key": "Stage",
                            "triggers.value": "prod"
                        },
                        "meta": {},
                        "tainted": false
                    },
                    "deposed": [],
                    "provider": "provider.null"
                }
            },
            "depends_on": []
        }
    ]
}
